// !$*UTF8*$!
{
	archiveVersion = 1;
	classes = {
	};
	objectVersion = 56;
	objects = {

/* Begin PBXBuildFile section */
		D906486F2AA8198700E03ECF /* Tabber_CatApp.swift in Sources */ = {isa = PBXBuildFile; fileRef = D906486E2AA8198700E03ECF /* Tabber_CatApp.swift */; };
		D90648712AA8198700E03ECF /* ContentView.swift in Sources */ = {isa = PBXBuildFile; fileRef = D90648702AA8198700E03ECF /* ContentView.swift */; };
		D90648732AA8198900E03ECF /* Assets.xcassets in Resources */ = {isa = PBXBuildFile; fileRef = D90648722AA8198900E03ECF /* Assets.xcassets */; };
		D90648762AA8198900E03ECF /* Preview Assets.xcassets in Resources */ = {isa = PBXBuildFile; fileRef = D90648752AA8198900E03ECF /* Preview Assets.xcassets */; };
		D90648802AA8198A00E03ECF /* Tabber_CatTests.swift in Sources */ = {isa = PBXBuildFile; fileRef = D906487F2AA8198A00E03ECF /* Tabber_CatTests.swift */; };
		D906488A2AA8198A00E03ECF /* Tabber_CatUITests.swift in Sources */ = {isa = PBXBuildFile; fileRef = D90648892AA8198A00E03ECF /* Tabber_CatUITests.swift */; };
		D906488C2AA8198A00E03ECF /* Tabber_CatUITestsLaunchTests.swift in Sources */ = {isa = PBXBuildFile; fileRef = D906488B2AA8198A00E03ECF /* Tabber_CatUITestsLaunchTests.swift */; };
		D90648992AA81A3E00E03ECF /* CatFactView.swift in Sources */ = {isa = PBXBuildFile; fileRef = D90648982AA81A3E00E03ECF /* CatFactView.swift */; };
		D906489B2AA81A5100E03ECF /* CatImagesView.swift in Sources */ = {isa = PBXBuildFile; fileRef = D906489A2AA81A5100E03ECF /* CatImagesView.swift */; };
		D906489D2AA81BD500E03ECF /* CatBounceView.swift in Sources */ = {isa = PBXBuildFile; fileRef = D906489C2AA81BD500E03ECF /* CatBounceView.swift */; };
		D906489F2AA81BE800E03ECF /* CatGalleryView.swift in Sources */ = {isa = PBXBuildFile; fileRef = D906489E2AA81BE800E03ECF /* CatGalleryView.swift */; };
		D90648A12AA81CAC00E03ECF /* CatIDView.swift in Sources */ = {isa = PBXBuildFile; fileRef = D90648A02AA81CAC00E03ECF /* CatIDView.swift */; };
/* End PBXBuildFile section */

/* Begin PBXContainerItemProxy section */
		D906487C2AA8198A00E03ECF /* PBXContainerItemProxy */ = {
			isa = PBXContainerItemProxy;
			containerPortal = D90648632AA8198600E03ECF /* Project object */;
			proxyType = 1;
			remoteGlobalIDString = D906486A2AA8198700E03ECF;
			remoteInfo = "Tabber Cat";
		};
		D90648862AA8198A00E03ECF /* PBXContainerItemProxy */ = {
			isa = PBXContainerItemProxy;
			containerPortal = D90648632AA8198600E03ECF /* Project object */;
			proxyType = 1;
			remoteGlobalIDString = D906486A2AA8198700E03ECF;
			remoteInfo = "Tabber Cat";
		};
/* End PBXContainerItemProxy section */

/* Begin PBXFileReference section */
		D906486B2AA8198700E03ECF /* Tabber Cat.app */ = {isa = PBXFileReference; explicitFileType = wrapper.application; includeInIndex = 0; path = "Tabber Cat.app"; sourceTree = BUILT_PRODUCTS_DIR; };
		D906486E2AA8198700E03ECF /* Tabber_CatApp.swift */ = {isa = PBXFileReference; lastKnownFileType = sourcecode.swift; path = Tabber_CatApp.swift; sourceTree = "<group>"; };
		D90648702AA8198700E03ECF /* ContentView.swift */ = {isa = PBXFileReference; lastKnownFileType = sourcecode.swift; path = ContentView.swift; sourceTree = "<group>"; };
		D90648722AA8198900E03ECF /* Assets.xcassets */ = {isa = PBXFileReference; lastKnownFileType = folder.assetcatalog; path = Assets.xcassets; sourceTree = "<group>"; };
		D90648752AA8198900E03ECF /* Preview Assets.xcassets */ = {isa = PBXFileReference; lastKnownFileType = folder.assetcatalog; path = "Preview Assets.xcassets"; sourceTree = "<group>"; };
		D906487B2AA8198A00E03ECF /* Tabber CatTests.xctest */ = {isa = PBXFileReference; explicitFileType = wrapper.cfbundle; includeInIndex = 0; path = "Tabber CatTests.xctest"; sourceTree = BUILT_PRODUCTS_DIR; };
		D906487F2AA8198A00E03ECF /* Tabber_CatTests.swift */ = {isa = PBXFileReference; lastKnownFileType = sourcecode.swift; path = Tabber_CatTests.swift; sourceTree = "<group>"; };
		D90648852AA8198A00E03ECF /* Tabber CatUITests.xctest */ = {isa = PBXFileReference; explicitFileType = wrapper.cfbundle; includeInIndex = 0; path = "Tabber CatUITests.xctest"; sourceTree = BUILT_PRODUCTS_DIR; };
		D90648892AA8198A00E03ECF /* Tabber_CatUITests.swift */ = {isa = PBXFileReference; lastKnownFileType = sourcecode.swift; path = Tabber_CatUITests.swift; sourceTree = "<group>"; };
		D906488B2AA8198A00E03ECF /* Tabber_CatUITestsLaunchTests.swift */ = {isa = PBXFileReference; lastKnownFileType = sourcecode.swift; path = Tabber_CatUITestsLaunchTests.swift; sourceTree = "<group>"; };
		D90648982AA81A3E00E03ECF /* CatFactView.swift */ = {isa = PBXFileReference; lastKnownFileType = sourcecode.swift; path = CatFactView.swift; sourceTree = "<group>"; };
		D906489A2AA81A5100E03ECF /* CatImagesView.swift */ = {isa = PBXFileReference; lastKnownFileType = sourcecode.swift; path = CatImagesView.swift; sourceTree = "<group>"; };
		D906489C2AA81BD500E03ECF /* CatBounceView.swift */ = {isa = PBXFileReference; lastKnownFileType = sourcecode.swift; path = CatBounceView.swift; sourceTree = "<group>"; };
		D906489E2AA81BE800E03ECF /* CatGalleryView.swift */ = {isa = PBXFileReference; lastKnownFileType = sourcecode.swift; path = CatGalleryView.swift; sourceTree = "<group>"; };
		D90648A02AA81CAC00E03ECF /* CatIDView.swift */ = {isa = PBXFileReference; lastKnownFileType = sourcecode.swift; path = CatIDView.swift; sourceTree = "<group>"; };
/* End PBXFileReference section */

/* Begin PBXFrameworksBuildPhase section */
		D90648682AA8198700E03ECF /* Frameworks */ = {
			isa = PBXFrameworksBuildPhase;
			buildActionMask = 2147483647;
			files = (
			);
			runOnlyForDeploymentPostprocessing = 0;
		};
		D90648782AA8198A00E03ECF /* Frameworks */ = {
			isa = PBXFrameworksBuildPhase;
			buildActionMask = 2147483647;
			files = (
			);
			runOnlyForDeploymentPostprocessing = 0;
		};
		D90648822AA8198A00E03ECF /* Frameworks */ = {
			isa = PBXFrameworksBuildPhase;
			buildActionMask = 2147483647;
			files = (
			);
			runOnlyForDeploymentPostprocessing = 0;
		};
/* End PBXFrameworksBuildPhase section */

/* Begin PBXGroup section */
		D90648622AA8198600E03ECF = {
			isa = PBXGroup;
			children = (
				D906486D2AA8198700E03ECF /* Tabber Cat */,
				D906487E2AA8198A00E03ECF /* Tabber CatTests */,
				D90648882AA8198A00E03ECF /* Tabber CatUITests */,
				D906486C2AA8198700E03ECF /* Products */,
			);
			sourceTree = "<group>";
		};
		D906486C2AA8198700E03ECF /* Products */ = {
			isa = PBXGroup;
			children = (
				D906486B2AA8198700E03ECF /* Tabber Cat.app */,
				D906487B2AA8198A00E03ECF /* Tabber CatTests.xctest */,
				D90648852AA8198A00E03ECF /* Tabber CatUITests.xctest */,
			);
			name = Products;
			sourceTree = "<group>";
		};
		D906486D2AA8198700E03ECF /* Tabber Cat */ = {
			isa = PBXGroup;
			children = (
				D906486E2AA8198700E03ECF /* Tabber_CatApp.swift */,
				D90648702AA8198700E03ECF /* ContentView.swift */,
				D90648A02AA81CAC00E03ECF /* CatIDView.swift */,
				D906489C2AA81BD500E03ECF /* CatBounceView.swift */,
				D906489E2AA81BE800E03ECF /* CatGalleryView.swift */,
				D90648982AA81A3E00E03ECF /* CatFactView.swift */,
				D906489A2AA81A5100E03ECF /* CatImagesView.swift */,
				D90648722AA8198900E03ECF /* Assets.xcassets */,
				D90648742AA8198900E03ECF /* Preview Content */,
			);
			path = "Tabber Cat";
			sourceTree = "<group>";
		};
		D90648742AA8198900E03ECF /* Preview Content */ = {
			isa = PBXGroup;
			children = (
				D90648752AA8198900E03ECF /* Preview Assets.xcassets */,
			);
			path = "Preview Content";
			sourceTree = "<group>";
		};
		D906487E2AA8198A00E03ECF /* Tabber CatTests */ = {
			isa = PBXGroup;
			children = (
				D906487F2AA8198A00E03ECF /* Tabber_CatTests.swift */,
			);
			path = "Tabber CatTests";
			sourceTree = "<group>";
		};
		D90648882AA8198A00E03ECF /* Tabber CatUITests */ = {
			isa = PBXGroup;
			children = (
				D90648892AA8198A00E03ECF /* Tabber_CatUITests.swift */,
				D906488B2AA8198A00E03ECF /* Tabber_CatUITestsLaunchTests.swift */,
			);
			path = "Tabber CatUITests";
			sourceTree = "<group>";
		};
/* End PBXGroup section */

/* Begin PBXNativeTarget section */
		D906486A2AA8198700E03ECF /* Tabber Cat */ = {
			isa = PBXNativeTarget;
			buildConfigurationList = D906488F2AA8198A00E03ECF /* Build configuration list for PBXNativeTarget "Tabber Cat" */;
			buildPhases = (
				D90648672AA8198700E03ECF /* Sources */,
				D90648682AA8198700E03ECF /* Frameworks */,
				D90648692AA8198700E03ECF /* Resources */,
			);
			buildRules = (
			);
			dependencies = (
			);
			name = "Tabber Cat";
			productName = "Tabber Cat";
			productReference = D906486B2AA8198700E03ECF /* Tabber Cat.app */;
			productType = "com.apple.product-type.application";
		};
		D906487A2AA8198A00E03ECF /* Tabber CatTests */ = {
			isa = PBXNativeTarget;
			buildConfigurationList = D90648922AA8198A00E03ECF /* Build configuration list for PBXNativeTarget "Tabber CatTests" */;
			buildPhases = (
				D90648772AA8198A00E03ECF /* Sources */,
				D90648782AA8198A00E03ECF /* Frameworks */,
				D90648792AA8198A00E03ECF /* Resources */,
			);
			buildRules = (
			);
			dependencies = (
				D906487D2AA8198A00E03ECF /* PBXTargetDependency */,
			);
			name = "Tabber CatTests";
			productName = "Tabber CatTests";
			productReference = D906487B2AA8198A00E03ECF /* Tabber CatTests.xctest */;
			productType = "com.apple.product-type.bundle.unit-test";
		};
		D90648842AA8198A00E03ECF /* Tabber CatUITests */ = {
			isa = PBXNativeTarget;
			buildConfigurationList = D90648952AA8198A00E03ECF /* Build configuration list for PBXNativeTarget "Tabber CatUITests" */;
			buildPhases = (
				D90648812AA8198A00E03ECF /* Sources */,
				D90648822AA8198A00E03ECF /* Frameworks */,
				D90648832AA8198A00E03ECF /* Resources */,
			);
			buildRules = (
			);
			dependencies = (
				D90648872AA8198A00E03ECF /* PBXTargetDependency */,
			);
			name = "Tabber CatUITests";
			productName = "Tabber CatUITests";
			productReference = D90648852AA8198A00E03ECF /* Tabber CatUITests.xctest */;
			productType = "com.apple.product-type.bundle.ui-testing";
		};
/* End PBXNativeTarget section */

/* Begin PBXProject section */
		D90648632AA8198600E03ECF /* Project object */ = {
			isa = PBXProject;
			attributes = {
				BuildIndependentTargetsInParallel = 1;
				LastSwiftUpdateCheck = 1420;
				LastUpgradeCheck = 1420;
				TargetAttributes = {
					D906486A2AA8198700E03ECF = {
						CreatedOnToolsVersion = 14.2;
					};
					D906487A2AA8198A00E03ECF = {
						CreatedOnToolsVersion = 14.2;
						TestTargetID = D906486A2AA8198700E03ECF;
					};
					D90648842AA8198A00E03ECF = {
						CreatedOnToolsVersion = 14.2;
						TestTargetID = D906486A2AA8198700E03ECF;
					};
				};
			};
			buildConfigurationList = D90648662AA8198600E03ECF /* Build configuration list for PBXProject "Tabber Cat" */;
			compatibilityVersion = "Xcode 14.0";
			developmentRegion = en;
			hasScannedForEncodings = 0;
			knownRegions = (
				en,
				Base,
			);
			mainGroup = D90648622AA8198600E03ECF;
			productRefGroup = D906486C2AA8198700E03ECF /* Products */;
			projectDirPath = "";
			projectRoot = "";
			targets = (
				D906486A2AA8198700E03ECF /* Tabber Cat */,
				D906487A2AA8198A00E03ECF /* Tabber CatTests */,
				D90648842AA8198A00E03ECF /* Tabber CatUITests */,
			);
		};
/* End PBXProject section */

/* Begin PBXResourcesBuildPhase section */
		D90648692AA8198700E03ECF /* Resources */ = {
			isa = PBXResourcesBuildPhase;
			buildActionMask = 2147483647;
			files = (
				D90648762AA8198900E03ECF /* Preview Assets.xcassets in Resources */,
				D90648732AA8198900E03ECF /* Assets.xcassets in Resources */,
			);
			runOnlyForDeploymentPostprocessing = 0;
		};
		D90648792AA8198A00E03ECF /* Resources */ = {
			isa = PBXResourcesBuildPhase;
			buildActionMask = 2147483647;
			files = (
			);
			runOnlyForDeploymentPostprocessing = 0;
		};
		D90648832AA8198A00E03ECF /* Resources */ = {
			isa = PBXResourcesBuildPhase;
			buildActionMask = 2147483647;
			files = (
			);
			runOnlyForDeploymentPostprocessing = 0;
		};
/* End PBXResourcesBuildPhase section */

/* Begin PBXSourcesBuildPhase section */
		D90648672AA8198700E03ECF /* Sources */ = {
			isa = PBXSourcesBuildPhase;
			buildActionMask = 2147483647;
			files = (
				D90648A12AA81CAC00E03ECF /* CatIDView.swift in Sources */,
				D906489F2AA81BE800E03ECF /* CatGalleryView.swift in Sources */,
				D90648712AA8198700E03ECF /* ContentView.swift in Sources */,
				D906489D2AA81BD500E03ECF /* CatBounceView.swift in Sources */,
				D90648992AA81A3E00E03ECF /* CatFactView.swift in Sources */,
				D906486F2AA8198700E03ECF /* Tabber_CatApp.swift in Sources */,
				D906489B2AA81A5100E03ECF /* CatImagesView.swift in Sources */,
			);
			runOnlyForDeploymentPostprocessing = 0;
		};
		D90648772AA8198A00E03ECF /* Sources */ = {
			isa = PBXSourcesBuildPhase;
			buildActionMask = 2147483647;
			files = (
				D90648802AA8198A00E03ECF /* Tabber_CatTests.swift in Sources */,
			);
			runOnlyForDeploymentPostprocessing = 0;
		};
		D90648812AA8198A00E03ECF /* Sources */ = {
			isa = PBXSourcesBuildPhase;
			buildActionMask = 2147483647;
			files = (
				D906488A2AA8198A00E03ECF /* Tabber_CatUITests.swift in Sources */,
				D906488C2AA8198A00E03ECF /* Tabber_CatUITestsLaunchTests.swift in Sources */,
			);
			runOnlyForDeploymentPostprocessing = 0;
		};
/* End PBXSourcesBuildPhase section */

/* Begin PBXTargetDependency section */
		D906487D2AA8198A00E03ECF /* PBXTargetDependency */ = {
			isa = PBXTargetDependency;
			target = D906486A2AA8198700E03ECF /* Tabber Cat */;
			targetProxy = D906487C2AA8198A00E03ECF /* PBXContainerItemProxy */;
		};
		D90648872AA8198A00E03ECF /* PBXTargetDependency */ = {
			isa = PBXTargetDependency;
			target = D906486A2AA8198700E03ECF /* Tabber Cat */;
			targetProxy = D90648862AA8198A00E03ECF /* PBXContainerItemProxy */;
		};
/* End PBXTargetDependency section */

/* Begin XCBuildConfiguration section */
		D906488D2AA8198A00E03ECF /* Debug */ = {
			isa = XCBuildConfiguration;
			buildSettings = {
				ALWAYS_SEARCH_USER_PATHS = NO;
				CLANG_ANALYZER_NONNULL = YES;
				CLANG_ANALYZER_NUMBER_OBJECT_CONVERSION = YES_AGGRESSIVE;
				CLANG_CXX_LANGUAGE_STANDARD = "gnu++20";
				CLANG_ENABLE_MODULES = YES;
				CLANG_ENABLE_OBJC_ARC = YES;
				CLANG_ENABLE_OBJC_WEAK = YES;
				CLANG_WARN_BLOCK_CAPTURE_AUTORELEASING = YES;
				CLANG_WARN_BOOL_CONVERSION = YES;
				CLANG_WARN_COMMA = YES;
				CLANG_WARN_CONSTANT_CONVERSION = YES;
				CLANG_WARN_DEPRECATED_OBJC_IMPLEMENTATIONS = YES;
				CLANG_WARN_DIRECT_OBJC_ISA_USAGE = YES_ERROR;
				CLANG_WARN_DOCUMENTATION_COMMENTS = YES;
				CLANG_WARN_EMPTY_BODY = YES;
				CLANG_WARN_ENUM_CONVERSION = YES;
				CLANG_WARN_INFINITE_RECURSION = YES;
				CLANG_WARN_INT_CONVERSION = YES;
				CLANG_WARN_NON_LITERAL_NULL_CONVERSION = YES;
				CLANG_WARN_OBJC_IMPLICIT_RETAIN_SELF = YES;
				CLANG_WARN_OBJC_LITERAL_CONVERSION = YES;
				CLANG_WARN_OBJC_ROOT_CLASS = YES_ERROR;
				CLANG_WARN_QUOTED_INCLUDE_IN_FRAMEWORK_HEADER = YES;
				CLANG_WARN_RANGE_LOOP_ANALYSIS = YES;
				CLANG_WARN_STRICT_PROTOTYPES = YES;
				CLANG_WARN_SUSPICIOUS_MOVE = YES;
				CLANG_WARN_UNGUARDED_AVAILABILITY = YES_AGGRESSIVE;
				CLANG_WARN_UNREACHABLE_CODE = YES;
				CLANG_WARN__DUPLICATE_METHOD_MATCH = YES;
				COPY_PHASE_STRIP = NO;
				DEBUG_INFORMATION_FORMAT = dwarf;
				ENABLE_STRICT_OBJC_MSGSEND = YES;
				ENABLE_TESTABILITY = YES;
				GCC_C_LANGUAGE_STANDARD = gnu11;
				GCC_DYNAMIC_NO_PIC = NO;
				GCC_NO_COMMON_BLOCKS = YES;
				GCC_OPTIMIZATION_LEVEL = 0;
				GCC_PREPROCESSOR_DEFINITIONS = (
					"DEBUG=1",
					"$(inherited)",
				);
				GCC_WARN_64_TO_32_BIT_CONVERSION = YES;
				GCC_WARN_ABOUT_RETURN_TYPE = YES_ERROR;
				GCC_WARN_UNDECLARED_SELECTOR = YES;
				GCC_WARN_UNINITIALIZED_AUTOS = YES_AGGRESSIVE;
				GCC_WARN_UNUSED_FUNCTION = YES;
				GCC_WARN_UNUSED_VARIABLE = YES;
				IPHONEOS_DEPLOYMENT_TARGET = 16.2;
				MTL_ENABLE_DEBUG_INFO = INCLUDE_SOURCE;
				MTL_FAST_MATH = YES;
				ONLY_ACTIVE_ARCH = YES;
				SDKROOT = iphoneos;
				SWIFT_ACTIVE_COMPILATION_CONDITIONS = DEBUG;
				SWIFT_OPTIMIZATION_LEVEL = "-Onone";
			};
			name = Debug;
		};
		D906488E2AA8198A00E03ECF /* Release */ = {
			isa = XCBuildConfiguration;
			buildSettings = {
				ALWAYS_SEARCH_USER_PATHS = NO;
				CLANG_ANALYZER_NONNULL = YES;
				CLANG_ANALYZER_NUMBER_OBJECT_CONVERSION = YES_AGGRESSIVE;
				CLANG_CXX_LANGUAGE_STANDARD = "gnu++20";
				CLANG_ENABLE_MODULES = YES;
				CLANG_ENABLE_OBJC_ARC = YES;
				CLANG_ENABLE_OBJC_WEAK = YES;
				CLANG_WARN_BLOCK_CAPTURE_AUTORELEASING = YES;
				CLANG_WARN_BOOL_CONVERSION = YES;
				CLANG_WARN_COMMA = YES;
				CLANG_WARN_CONSTANT_CONVERSION = YES;
				CLANG_WARN_DEPRECATED_OBJC_IMPLEMENTATIONS = YES;
				CLANG_WARN_DIRECT_OBJC_ISA_USAGE = YES_ERROR;
				CLANG_WARN_DOCUMENTATION_COMMENTS = YES;
				CLANG_WARN_EMPTY_BODY = YES;
				CLANG_WARN_ENUM_CONVERSION = YES;
				CLANG_WARN_INFINITE_RECURSION = YES;
				CLANG_WARN_INT_CONVERSION = YES;
				CLANG_WARN_NON_LITERAL_NULL_CONVERSION = YES;
				CLANG_WARN_OBJC_IMPLICIT_RETAIN_SELF = YES;
				CLANG_WARN_OBJC_LITERAL_CONVERSION = YES;
				CLANG_WARN_OBJC_ROOT_CLASS = YES_ERROR;
				CLANG_WARN_QUOTED_INCLUDE_IN_FRAMEWORK_HEADER = YES;
				CLANG_WARN_RANGE_LOOP_ANALYSIS = YES;
				CLANG_WARN_STRICT_PROTOTYPES = YES;
				CLANG_WARN_SUSPICIOUS_MOVE = YES;
				CLANG_WARN_UNGUARDED_AVAILABILITY = YES_AGGRESSIVE;
				CLANG_WARN_UNREACHABLE_CODE = YES;
				CLANG_WARN__DUPLICATE_METHOD_MATCH = YES;
				COPY_PHASE_STRIP = NO;
				DEBUG_INFORMATION_FORMAT = "dwarf-with-dsym";
				ENABLE_NS_ASSERTIONS = NO;
				ENABLE_STRICT_OBJC_MSGSEND = YES;
				GCC_C_LANGUAGE_STANDARD = gnu11;
				GCC_NO_COMMON_BLOCKS = YES;
				GCC_WARN_64_TO_32_BIT_CONVERSION = YES;
				GCC_WARN_ABOUT_RETURN_TYPE = YES_ERROR;
				GCC_WARN_UNDECLARED_SELECTOR = YES;
				GCC_WARN_UNINITIALIZED_AUTOS = YES_AGGRESSIVE;
				GCC_WARN_UNUSED_FUNCTION = YES;
				GCC_WARN_UNUSED_VARIABLE = YES;
				IPHONEOS_DEPLOYMENT_TARGET = 16.2;
				MTL_ENABLE_DEBUG_INFO = NO;
				MTL_FAST_MATH = YES;
				SDKROOT = iphoneos;
				SWIFT_COMPILATION_MODE = wholemodule;
				SWIFT_OPTIMIZATION_LEVEL = "-O";
				VALIDATE_PRODUCT = YES;
			};
			name = Release;
		};
		D90648902AA8198A00E03ECF /* Debug */ = {
			isa = XCBuildConfiguration;
			buildSettings = {
				ASSETCATALOG_COMPILER_APPICON_NAME = AppIcon;
				ASSETCATALOG_COMPILER_GLOBAL_ACCENT_COLOR_NAME = AccentColor;
				CODE_SIGN_STYLE = Automatic;
				CURRENT_PROJECT_VERSION = 1;
				DEVELOPMENT_ASSET_PATHS = "\"Tabber Cat/Preview Content\"";
				ENABLE_PREVIEWS = YES;
				GENERATE_INFOPLIST_FILE = YES;
				INFOPLIST_KEY_UIApplicationSceneManifest_Generation = YES;
				INFOPLIST_KEY_UIApplicationSupportsIndirectInputEvents = YES;
				INFOPLIST_KEY_UILaunchScreen_Generation = YES;
				INFOPLIST_KEY_UISupportedInterfaceOrientations_iPad = "UIInterfaceOrientationPortrait UIInterfaceOrientationPortraitUpsideDown UIInterfaceOrientationLandscapeLeft UIInterfaceOrientationLandscapeRight";
				INFOPLIST_KEY_UISupportedInterfaceOrientations_iPhone = "UIInterfaceOrientationPortrait UIInterfaceOrientationLandscapeLeft UIInterfaceOrientationLandscapeRight";
				LD_RUNPATH_SEARCH_PATHS = (
					"$(inherited)",
					"@executable_path/Frameworks",
				);
				MARKETING_VERSION = 1.0;
				PRODUCT_BUNDLE_IDENTIFIER = "sg.tk.Tabber-Cat";
				PRODUCT_NAME = "$(TARGET_NAME)";
				SWIFT_EMIT_LOC_STRINGS = YES;
				SWIFT_VERSION = 5.0;
				TARGETED_DEVICE_FAMILY = "1,2";
			};
			name = Debug;
		};
		D90648912AA8198A00E03ECF /* Release */ = {
			isa = XCBuildConfiguration;
			buildSettings = {
				ASSETCATALOG_COMPILER_APPICON_NAME = AppIcon;
				ASSETCATALOG_COMPILER_GLOBAL_ACCENT_COLOR_NAME = AccentColor;
				CODE_SIGN_STYLE = Automatic;
				CURRENT_PROJECT_VERSION = 1;
				DEVELOPMENT_ASSET_PATHS = "\"Tabber Cat/Preview Content\"";
				ENABLE_PREVIEWS = YES;
				GENERATE_INFOPLIST_FILE = YES;
				INFOPLIST_KEY_UIApplicationSceneManifest_Generation = YES;
				INFOPLIST_KEY_UIApplicationSupportsIndirectInputEvents = YES;
				INFOPLIST_KEY_UILaunchScreen_Generation = YES;
				INFOPLIST_KEY_UISupportedInterfaceOrientations_iPad = "UIInterfaceOrientationPortrait UIInterfaceOrientationPortraitUpsideDown UIInterfaceOrientationLandscapeLeft UIInterfaceOrientationLandscapeRight";
				INFOPLIST_KEY_UISupportedInterfaceOrientations_iPhone = "UIInterfaceOrientationPortrait UIInterfaceOrientationLandscapeLeft UIInterfaceOrientationLandscapeRight";
				LD_RUNPATH_SEARCH_PATHS = (
					"$(inherited)",
					"@executable_path/Frameworks",
				);
				MARKETING_VERSION = 1.0;
				PRODUCT_BUNDLE_IDENTIFIER = "sg.tk.Tabber-Cat";
				PRODUCT_NAME = "$(TARGET_NAME)";
				SWIFT_EMIT_LOC_STRINGS = YES;
				SWIFT_VERSION = 5.0;
				TARGETED_DEVICE_FAMILY = "1,2";
			};
			name = Release;
		};
		D90648932AA8198A00E03ECF /* Debug */ = {
			isa = XCBuildConfiguration;
			buildSettings = {
				ALWAYS_EMBED_SWIFT_STANDARD_LIBRARIES = YES;
				BUNDLE_LOADER = "$(TEST_HOST)";
				CODE_SIGN_STYLE = Automatic;
				CURRENT_PROJECT_VERSION = 1;
				GENERATE_INFOPLIST_FILE = YES;
				IPHONEOS_DEPLOYMENT_TARGET = 16.2;
				MARKETING_VERSION = 1.0;
				PRODUCT_BUNDLE_IDENTIFIER = "sg.tk.Tabber-CatTests";
				PRODUCT_NAME = "$(TARGET_NAME)";
				SWIFT_EMIT_LOC_STRINGS = NO;
				SWIFT_VERSION = 5.0;
				TARGETED_DEVICE_FAMILY = "1,2";
				TEST_HOST = "$(BUILT_PRODUCTS_DIR)/Tabber Cat.app/$(BUNDLE_EXECUTABLE_FOLDER_PATH)/Tabber Cat";
			};
			name = Debug;
		};
		D90648942AA8198A00E03ECF /* Release */ = {
			isa = XCBuildConfiguration;
			buildSettings = {
				ALWAYS_EMBED_SWIFT_STANDARD_LIBRARIES = YES;
				BUNDLE_LOADER = "$(TEST_HOST)";
				CODE_SIGN_STYLE = Automatic;
				CURRENT_PROJECT_VERSION = 1;
				GENERATE_INFOPLIST_FILE = YES;
				IPHONEOS_DEPLOYMENT_TARGET = 16.2;
				MARKETING_VERSION = 1.0;
				PRODUCT_BUNDLE_IDENTIFIER = "sg.tk.Tabber-CatTests";
				PRODUCT_NAME = "$(TARGET_NAME)";
				SWIFT_EMIT_LOC_STRINGS = NO;
				SWIFT_VERSION = 5.0;
				TARGETED_DEVICE_FAMILY = "1,2";
				TEST_HOST = "$(BUILT_PRODUCTS_DIR)/Tabber Cat.app/$(BUNDLE_EXECUTABLE_FOLDER_PATH)/Tabber Cat";
			};
			name = Release;
		};
		D90648962AA8198A00E03ECF /* Debug */ = {
			isa = XCBuildConfiguration;
			buildSettings = {
				ALWAYS_EMBED_SWIFT_STANDARD_LIBRARIES = YES;
				CODE_SIGN_STYLE = Automatic;
				CURRENT_PROJECT_VERSION = 1;
				GENERATE_INFOPLIST_FILE = YES;
				MARKETING_VERSION = 1.0;
				PRODUCT_BUNDLE_IDENTIFIER = "sg.tk.Tabber-CatUITests";
				PRODUCT_NAME = "$(TARGET_NAME)";
				SWIFT_EMIT_LOC_STRINGS = NO;
				SWIFT_VERSION = 5.0;
				TARGETED_DEVICE_FAMILY = "1,2";
				TEST_TARGET_NAME = "Tabber Cat";
			};
			name = Debug;
		};
		D90648972AA8198A00E03ECF /* Release */ = {
			isa = XCBuildConfiguration;
			buildSettings = {
				ALWAYS_EMBED_SWIFT_STANDARD_LIBRARIES = YES;
				CODE_SIGN_STYLE = Automatic;
				CURRENT_PROJECT_VERSION = 1;
				GENERATE_INFOPLIST_FILE = YES;
				MARKETING_VERSION = 1.0;
				PRODUCT_BUNDLE_IDENTIFIER = "sg.tk.Tabber-CatUITests";
				PRODUCT_NAME = "$(TARGET_NAME)";
				SWIFT_EMIT_LOC_STRINGS = NO;
				SWIFT_VERSION = 5.0;
				TARGETED_DEVICE_FAMILY = "1,2";
				TEST_TARGET_NAME = "Tabber Cat";
			};
			name = Release;
		};
/* End XCBuildConfiguration section */

/* Begin XCConfigurationList section */
		D90648662AA8198600E03ECF /* Build configuration list for PBXProject "Tabber Cat" */ = {
			isa = XCConfigurationList;
			buildConfigurations = (
				D906488D2AA8198A00E03ECF /* Debug */,
				D906488E2AA8198A00E03ECF /* Release */,
			);
			defaultConfigurationIsVisible = 0;
			defaultConfigurationName = Release;
		};
		D906488F2AA8198A00E03ECF /* Build configuration list for PBXNativeTarget "Tabber Cat" */ = {
			isa = XCConfigurationList;
			buildConfigurations = (
				D90648902AA8198A00E03ECF /* Debug */,
				D90648912AA8198A00E03ECF /* Release */,
			);
			defaultConfigurationIsVisible = 0;
			defaultConfigurationName = Release;
		};
		D90648922AA8198A00E03ECF /* Build configuration list for PBXNativeTarget "Tabber CatTests" */ = {
			isa = XCConfigurationList;
			buildConfigurations = (
				D90648932AA8198A00E03ECF /* Debug */,
				D90648942AA8198A00E03ECF /* Release */,
			);
			defaultConfigurationIsVisible = 0;
			defaultConfigurationName = Release;
		};
		D90648952AA8198A00E03ECF /* Build configuration list for PBXNativeTarget "Tabber CatUITests" */ = {
			isa = XCConfigurationList;
			buildConfigurations = (
				D90648962AA8198A00E03ECF /* Debug */,
				D90648972AA8198A00E03ECF /* Release */,
			);
			defaultConfigurationIsVisible = 0;
			defaultConfigurationName = Release;
		};
/* End XCConfigurationList section */
	};
	rootObject = D90648632AA8198600E03ECF /* Project object */;
}
